
Microsoft Visual Studio Solution File, Format Version 12.00
# Visual Studio Version 16
VisualStudioVersion = 16.0.29905.134
MinimumVisualStudioVersion = 10.0.40219.1
Project("{FAE04EC0-301F-11D3-BF4B-00C04F79EFBC}") = "exe20", "exe20\exe20.csproj", "{03C249AD-BA12-4404-B45F-29DDFBBA746A}"
EndProject
Global
	GlobalSection(SolutionConfigurationPlatforms) = preSolution
		Debug|Any CPU = Debug|Any CPU
		Release|Any CPU = Release|Any CPU
	EndGlobalSection
	GlobalSection(ProjectConfigurationPlatforms) = postSolution
		{03C249AD-BA12-4404-B45F-29DDFBBA746A}.Debug|Any CPU.ActiveCfg = Debug|Any CPU
		{03C249AD-BA12-4404-B45F-29DDFBBA746A}.Debug|Any CPU.Build.0 = Debug|Any CPU
		{03C249AD-BA12-4404-B45F-29DDFBBA746A}.Release|Any CPU.ActiveCfg = Release|Any CPU
		{03C249AD-BA12-4404-B45F-29DDFBBA746A}.Release|Any CPU.Build.0 = Release|Any CPU
	EndGlobalSection
	GlobalSection(SolutionProperties) = preSolution
		HideSolutionNode = FALSE
	EndGlobalSection
	GlobalSection(ExtensibilityGlobals) = postSolution
		SolutionGuid = {839B1A78-5822-4917-B31C-A7C8D41EBFC8}
	EndGlobalSection
EndGlobal
