
Microsoft Visual Studio Solution File, Format Version 12.00
# Visual Studio Version 16
VisualStudioVersion = 16.0.29905.134
MinimumVisualStudioVersion = 10.0.40219.1
Project("{FAE04EC0-301F-11D3-BF4B-00C04F79EFBC}") = "exe04", "exe04\exe04.csproj", "{0187F2B1-6B47-4276-BAE6-E4D3C9B31499}"
EndProject
Global
	GlobalSection(SolutionConfigurationPlatforms) = preSolution
		Debug|Any CPU = Debug|Any CPU
		Release|Any CPU = Release|Any CPU
	EndGlobalSection
	GlobalSection(ProjectConfigurationPlatforms) = postSolution
		{0187F2B1-6B47-4276-BAE6-E4D3C9B31499}.Debug|Any CPU.ActiveCfg = Debug|Any CPU
		{0187F2B1-6B47-4276-BAE6-E4D3C9B31499}.Debug|Any CPU.Build.0 = Debug|Any CPU
		{0187F2B1-6B47-4276-BAE6-E4D3C9B31499}.Release|Any CPU.ActiveCfg = Release|Any CPU
		{0187F2B1-6B47-4276-BAE6-E4D3C9B31499}.Release|Any CPU.Build.0 = Release|Any CPU
	EndGlobalSection
	GlobalSection(SolutionProperties) = preSolution
		HideSolutionNode = FALSE
	EndGlobalSection
	GlobalSection(ExtensibilityGlobals) = postSolution
		SolutionGuid = {BD9BF48F-E700-4CF0-AD37-81BE00F80A19}
	EndGlobalSection
EndGlobal
