
Microsoft Visual Studio Solution File, Format Version 12.00
# Visual Studio Version 16
VisualStudioVersion = 16.0.29905.134
MinimumVisualStudioVersion = 10.0.40219.1
Project("{FAE04EC0-301F-11D3-BF4B-00C04F79EFBC}") = "exe21", "exe21\exe21.csproj", "{CFE94A6F-6F98-4443-A21E-7CC8E7F589EE}"
EndProject
Global
	GlobalSection(SolutionConfigurationPlatforms) = preSolution
		Debug|Any CPU = Debug|Any CPU
		Release|Any CPU = Release|Any CPU
	EndGlobalSection
	GlobalSection(ProjectConfigurationPlatforms) = postSolution
		{CFE94A6F-6F98-4443-A21E-7CC8E7F589EE}.Debug|Any CPU.ActiveCfg = Debug|Any CPU
		{CFE94A6F-6F98-4443-A21E-7CC8E7F589EE}.Debug|Any CPU.Build.0 = Debug|Any CPU
		{CFE94A6F-6F98-4443-A21E-7CC8E7F589EE}.Release|Any CPU.ActiveCfg = Release|Any CPU
		{CFE94A6F-6F98-4443-A21E-7CC8E7F589EE}.Release|Any CPU.Build.0 = Release|Any CPU
	EndGlobalSection
	GlobalSection(SolutionProperties) = preSolution
		HideSolutionNode = FALSE
	EndGlobalSection
	GlobalSection(ExtensibilityGlobals) = postSolution
		SolutionGuid = {E520B143-5A59-4DC4-9E6A-890EBF116560}
	EndGlobalSection
EndGlobal
