
Microsoft Visual Studio Solution File, Format Version 12.00
# Visual Studio Version 16
VisualStudioVersion = 16.0.29905.134
MinimumVisualStudioVersion = 10.0.40219.1
Project("{FAE04EC0-301F-11D3-BF4B-00C04F79EFBC}") = "exe46", "exe46\exe46.csproj", "{A15AC42B-523A-427B-977E-B4701AC3DCC9}"
EndProject
Global
	GlobalSection(SolutionConfigurationPlatforms) = preSolution
		Debug|Any CPU = Debug|Any CPU
		Release|Any CPU = Release|Any CPU
	EndGlobalSection
	GlobalSection(ProjectConfigurationPlatforms) = postSolution
		{A15AC42B-523A-427B-977E-B4701AC3DCC9}.Debug|Any CPU.ActiveCfg = Debug|Any CPU
		{A15AC42B-523A-427B-977E-B4701AC3DCC9}.Debug|Any CPU.Build.0 = Debug|Any CPU
		{A15AC42B-523A-427B-977E-B4701AC3DCC9}.Release|Any CPU.ActiveCfg = Release|Any CPU
		{A15AC42B-523A-427B-977E-B4701AC3DCC9}.Release|Any CPU.Build.0 = Release|Any CPU
	EndGlobalSection
	GlobalSection(SolutionProperties) = preSolution
		HideSolutionNode = FALSE
	EndGlobalSection
	GlobalSection(ExtensibilityGlobals) = postSolution
		SolutionGuid = {8BFBF783-BFE0-4F7B-991D-6086077AD4BA}
	EndGlobalSection
EndGlobal
